// !$*UTF8*$!
{
	archiveVersion = 1;
	classes = {
	};
	objectVersion = 51;
	objects = {

/* Begin PBXBuildFile section */
		B758D6F30DD06F6356B4879B /* Pods_rickandmortyapp.framework in Frameworks */ = {isa = PBXBuildFile; fileRef = 4C2C8197F5A8EABD1EFBFFC1 /* Pods_rickandmortyapp.framework */; };
		CF5FBE8F99F8152DB64D1C61 /* Pods_rickandmortyappUITests.framework in Frameworks */ = {isa = PBXBuildFile; fileRef = A5799393A250148412D271D9 /* Pods_rickandmortyappUITests.framework */; };
		FA351E83260F39C2006B6D09 /* AppDelegate.swift in Sources */ = {isa = PBXBuildFile; fileRef = FA351E82260F39C2006B6D09 /* AppDelegate.swift */; };
		FA351E85260F39C2006B6D09 /* SceneDelegate.swift in Sources */ = {isa = PBXBuildFile; fileRef = FA351E84260F39C2006B6D09 /* SceneDelegate.swift */; };
		FA351E8C260F39C3006B6D09 /* Assets.xcassets in Resources */ = {isa = PBXBuildFile; fileRef = FA351E8B260F39C3006B6D09 /* Assets.xcassets */; };
		FA351E8F260F39C3006B6D09 /* LaunchScreen.storyboard in Resources */ = {isa = PBXBuildFile; fileRef = FA351E8D260F39C3006B6D09 /* LaunchScreen.storyboard */; };
		FA351E9A260F39C3006B6D09 /* rickandmortyappTests.swift in Sources */ = {isa = PBXBuildFile; fileRef = FA351E99260F39C3006B6D09 /* rickandmortyappTests.swift */; };
		FA351EA5260F39C3006B6D09 /* rickandmortyappUITests.swift in Sources */ = {isa = PBXBuildFile; fileRef = FA351EA4260F39C3006B6D09 /* rickandmortyappUITests.swift */; };
		FA351EDB260F85E4006B6D09 /* Home.storyboard in Resources */ = {isa = PBXBuildFile; fileRef = FA351EDA260F85E4006B6D09 /* Home.storyboard */; };
		FA351EE0260F85F3006B6D09 /* HomeViewController.swift in Sources */ = {isa = PBXBuildFile; fileRef = FA351EDF260F85F3006B6D09 /* HomeViewController.swift */; };
		FA351EE5260F8600006B6D09 /* HomeViewModel.swift in Sources */ = {isa = PBXBuildFile; fileRef = FA351EE4260F8600006B6D09 /* HomeViewModel.swift */; };
		FA351EEE260F8B50006B6D09 /* LoadingViewCell.swift in Sources */ = {isa = PBXBuildFile; fileRef = FA351EEC260F8B50006B6D09 /* LoadingViewCell.swift */; };
		FA351EEF260F8B50006B6D09 /* LoadingViewCell.xib in Resources */ = {isa = PBXBuildFile; fileRef = FA351EED260F8B50006B6D09 /* LoadingViewCell.xib */; };
		FA351EF5260F8B64006B6D09 /* CharacterViewCell.swift in Sources */ = {isa = PBXBuildFile; fileRef = FA351EF3260F8B64006B6D09 /* CharacterViewCell.swift */; };
		FA351EF6260F8B64006B6D09 /* CharacterViewCell.xib in Resources */ = {isa = PBXBuildFile; fileRef = FA351EF4260F8B64006B6D09 /* CharacterViewCell.xib */; };
		FA351EFF260F8EA2006B6D09 /* CharacterListDAO.swift in Sources */ = {isa = PBXBuildFile; fileRef = FA351EFE260F8EA2006B6D09 /* CharacterListDAO.swift */; };
		FA351F07260F8F32006B6D09 /* InfoDAO.swift in Sources */ = {isa = PBXBuildFile; fileRef = FA351F06260F8F32006B6D09 /* InfoDAO.swift */; };
		FA351F0C260F8F5B006B6D09 /* CharacterDAO.swift in Sources */ = {isa = PBXBuildFile; fileRef = FA351F0B260F8F5B006B6D09 /* CharacterDAO.swift */; };
		FA351F14260F8FF9006B6D09 /* DataManager.swift in Sources */ = {isa = PBXBuildFile; fileRef = FA351F13260F8FF9006B6D09 /* DataManager.swift */; };
		FA351F19260F90A6006B6D09 /* ServiceResult.swift in Sources */ = {isa = PBXBuildFile; fileRef = FA351F18260F90A6006B6D09 /* ServiceResult.swift */; };
		FA351F23260F916D006B6D09 /* ApiManager.swift in Sources */ = {isa = PBXBuildFile; fileRef = FA351F22260F916D006B6D09 /* ApiManager.swift */; };
		FA351F2B260F91B1006B6D09 /* CharacterListDTO.swift in Sources */ = {isa = PBXBuildFile; fileRef = FA351F2A260F91B1006B6D09 /* CharacterListDTO.swift */; };
		FA351F30260F91C2006B6D09 /* InfoDTO.swift in Sources */ = {isa = PBXBuildFile; fileRef = FA351F2F260F91C2006B6D09 /* InfoDTO.swift */; };
		FA351F35260F91E1006B6D09 /* CharacterDTO.swift in Sources */ = {isa = PBXBuildFile; fileRef = FA351F34260F91E1006B6D09 /* CharacterDTO.swift */; };
		FA351F46260F9371006B6D09 /* CharacterListDTOToDAOMapper.swift in Sources */ = {isa = PBXBuildFile; fileRef = FA351F45260F9371006B6D09 /* CharacterListDTOToDAOMapper.swift */; };
		FA351F4B260F96C4006B6D09 /* CharacterDTOToDAOMapper.swift in Sources */ = {isa = PBXBuildFile; fileRef = FA351F4A260F96C4006B6D09 /* CharacterDTOToDAOMapper.swift */; };
		FA351F50260F9837006B6D09 /* InfoDTOToDAOMapper.swift in Sources */ = {isa = PBXBuildFile; fileRef = FA351F4F260F9837006B6D09 /* InfoDTOToDAOMapper.swift */; };
		FA351F5F260FA55F006B6D09 /* CharacterDetail.storyboard in Resources */ = {isa = PBXBuildFile; fileRef = FA351F5E260FA55F006B6D09 /* CharacterDetail.storyboard */; };
		FA351F64260FA56C006B6D09 /* CharacterDetailViewController.swift in Sources */ = {isa = PBXBuildFile; fileRef = FA351F63260FA56C006B6D09 /* CharacterDetailViewController.swift */; };
		FA351F69260FA57A006B6D09 /* CharacterDetailViewModel.swift in Sources */ = {isa = PBXBuildFile; fileRef = FA351F68260FA57A006B6D09 /* CharacterDetailViewModel.swift */; };
		FA351F6E260FA69E006B6D09 /* Navigation.swift in Sources */ = {isa = PBXBuildFile; fileRef = FA351F6D260FA69E006B6D09 /* Navigation.swift */; };
		FA351F7B260FAE69006B6D09 /* CharacterInfoViewCell.swift in Sources */ = {isa = PBXBuildFile; fileRef = FA351F79260FAE69006B6D09 /* CharacterInfoViewCell.swift */; };
		FA351F7C260FAE69006B6D09 /* CharacterInfoViewCell.xib in Resources */ = {isa = PBXBuildFile; fileRef = FA351F7A260FAE69006B6D09 /* CharacterInfoViewCell.xib */; };
		FA351F82260FAE80006B6D09 /* CharacterOriginViewCell.swift in Sources */ = {isa = PBXBuildFile; fileRef = FA351F80260FAE80006B6D09 /* CharacterOriginViewCell.swift */; };
		FA351F83260FAE80006B6D09 /* CharacterOriginViewCell.xib in Resources */ = {isa = PBXBuildFile; fileRef = FA351F81260FAE80006B6D09 /* CharacterOriginViewCell.xib */; };
		FA351F89260FAE97006B6D09 /* CharacterLocationViewCell.swift in Sources */ = {isa = PBXBuildFile; fileRef = FA351F87260FAE97006B6D09 /* CharacterLocationViewCell.swift */; };
		FA351F8A260FAE97006B6D09 /* CharacterLocationViewCell.xib in Resources */ = {isa = PBXBuildFile; fileRef = FA351F88260FAE97006B6D09 /* CharacterLocationViewCell.xib */; };
		FA351F92260FB23D006B6D09 /* Typealias.swift in Sources */ = {isa = PBXBuildFile; fileRef = FA351F91260FB23D006B6D09 /* Typealias.swift */; };
		FA351F9B260FC14D006B6D09 /* LocationDetail.storyboard in Resources */ = {isa = PBXBuildFile; fileRef = FA351F9A260FC14D006B6D09 /* LocationDetail.storyboard */; };
		FA351FA0260FC15C006B6D09 /* LocationDetailViewController.swift in Sources */ = {isa = PBXBuildFile; fileRef = FA351F9F260FC15C006B6D09 /* LocationDetailViewController.swift */; };
		FA351FA5260FC167006B6D09 /* LocationDetailViewModel.swift in Sources */ = {isa = PBXBuildFile; fileRef = FA351FA4260FC167006B6D09 /* LocationDetailViewModel.swift */; };
		FA351FAA260FC4EA006B6D09 /* LocationDTO.swift in Sources */ = {isa = PBXBuildFile; fileRef = FA351FA9260FC4EA006B6D09 /* LocationDTO.swift */; };
		FA351FAF260FC50D006B6D09 /* LocationDAO.swift in Sources */ = {isa = PBXBuildFile; fileRef = FA351FAE260FC50D006B6D09 /* LocationDAO.swift */; };
		FA351FB4260FC593006B6D09 /* LocationDTOToDAOMapper.swift in Sources */ = {isa = PBXBuildFile; fileRef = FA351FB3260FC593006B6D09 /* LocationDTOToDAOMapper.swift */; };
		FCD6D9FAA102452CFC5C071C /* Pods_rickandmortyappTests.framework in Frameworks */ = {isa = PBXBuildFile; fileRef = F75AC19D59504A0B01524CA9 /* Pods_rickandmortyappTests.framework */; };
/* End PBXBuildFile section */

/* Begin PBXContainerItemProxy section */
		FA351E96260F39C3006B6D09 /* PBXContainerItemProxy */ = {
			isa = PBXContainerItemProxy;
			containerPortal = FA351E77260F39C2006B6D09 /* Project object */;
			proxyType = 1;
			remoteGlobalIDString = FA351E7E260F39C2006B6D09;
			remoteInfo = rickandmortyapp;
		};
		FA351EA1260F39C3006B6D09 /* PBXContainerItemProxy */ = {
			isa = PBXContainerItemProxy;
			containerPortal = FA351E77260F39C2006B6D09 /* Project object */;
			proxyType = 1;
			remoteGlobalIDString = FA351E7E260F39C2006B6D09;
			remoteInfo = rickandmortyapp;
		};
/* End PBXContainerItemProxy section */

/* Begin PBXFileReference section */
		20CD5EE262F84B9C7B7F741D /* Pods-rickandmortyapp.debug.xcconfig */ = {isa = PBXFileReference; includeInIndex = 1; lastKnownFileType = text.xcconfig; name = "Pods-rickandmortyapp.debug.xcconfig"; path = "Target Support Files/Pods-rickandmortyapp/Pods-rickandmortyapp.debug.xcconfig"; sourceTree = "<group>"; };
		4C2C8197F5A8EABD1EFBFFC1 /* Pods_rickandmortyapp.framework */ = {isa = PBXFileReference; explicitFileType = wrapper.framework; includeInIndex = 0; path = Pods_rickandmortyapp.framework; sourceTree = BUILT_PRODUCTS_DIR; };
		6B1233BFBE7ECA185741F853 /* Pods-rickandmortyappUITests.debug.xcconfig */ = {isa = PBXFileReference; includeInIndex = 1; lastKnownFileType = text.xcconfig; name = "Pods-rickandmortyappUITests.debug.xcconfig"; path = "Target Support Files/Pods-rickandmortyappUITests/Pods-rickandmortyappUITests.debug.xcconfig"; sourceTree = "<group>"; };
		9EDB03E940BFE3BD285AC870 /* Pods-rickandmortyappTests.release.xcconfig */ = {isa = PBXFileReference; includeInIndex = 1; lastKnownFileType = text.xcconfig; name = "Pods-rickandmortyappTests.release.xcconfig"; path = "Target Support Files/Pods-rickandmortyappTests/Pods-rickandmortyappTests.release.xcconfig"; sourceTree = "<group>"; };
		A5799393A250148412D271D9 /* Pods_rickandmortyappUITests.framework */ = {isa = PBXFileReference; explicitFileType = wrapper.framework; includeInIndex = 0; path = Pods_rickandmortyappUITests.framework; sourceTree = BUILT_PRODUCTS_DIR; };
		BD76AAB676D0DBFB0139E6D6 /* Pods-rickandmortyappTests.debug.xcconfig */ = {isa = PBXFileReference; includeInIndex = 1; lastKnownFileType = text.xcconfig; name = "Pods-rickandmortyappTests.debug.xcconfig"; path = "Target Support Files/Pods-rickandmortyappTests/Pods-rickandmortyappTests.debug.xcconfig"; sourceTree = "<group>"; };
		BECDE7CF60E97D478B01B123 /* Pods-rickandmortyapp.release.xcconfig */ = {isa = PBXFileReference; includeInIndex = 1; lastKnownFileType = text.xcconfig; name = "Pods-rickandmortyapp.release.xcconfig"; path = "Target Support Files/Pods-rickandmortyapp/Pods-rickandmortyapp.release.xcconfig"; sourceTree = "<group>"; };
		D07EBF1B125B68F56B72C6E4 /* Pods-rickandmortyappUITests.release.xcconfig */ = {isa = PBXFileReference; includeInIndex = 1; lastKnownFileType = text.xcconfig; name = "Pods-rickandmortyappUITests.release.xcconfig"; path = "Target Support Files/Pods-rickandmortyappUITests/Pods-rickandmortyappUITests.release.xcconfig"; sourceTree = "<group>"; };
		F75AC19D59504A0B01524CA9 /* Pods_rickandmortyappTests.framework */ = {isa = PBXFileReference; explicitFileType = wrapper.framework; includeInIndex = 0; path = Pods_rickandmortyappTests.framework; sourceTree = BUILT_PRODUCTS_DIR; };
		FA351E7F260F39C2006B6D09 /* rickandmortyapp.app */ = {isa = PBXFileReference; explicitFileType = wrapper.application; includeInIndex = 0; path = rickandmortyapp.app; sourceTree = BUILT_PRODUCTS_DIR; };
		FA351E82260F39C2006B6D09 /* AppDelegate.swift */ = {isa = PBXFileReference; lastKnownFileType = sourcecode.swift; path = AppDelegate.swift; sourceTree = "<group>"; };
		FA351E84260F39C2006B6D09 /* SceneDelegate.swift */ = {isa = PBXFileReference; lastKnownFileType = sourcecode.swift; path = SceneDelegate.swift; sourceTree = "<group>"; };
		FA351E8B260F39C3006B6D09 /* Assets.xcassets */ = {isa = PBXFileReference; lastKnownFileType = folder.assetcatalog; path = Assets.xcassets; sourceTree = "<group>"; };
		FA351E8E260F39C3006B6D09 /* Base */ = {isa = PBXFileReference; lastKnownFileType = file.storyboard; name = Base; path = Base.lproj/LaunchScreen.storyboard; sourceTree = "<group>"; };
		FA351E90260F39C3006B6D09 /* Info.plist */ = {isa = PBXFileReference; lastKnownFileType = text.plist.xml; path = Info.plist; sourceTree = "<group>"; };
		FA351E95260F39C3006B6D09 /* rickandmortyappTests.xctest */ = {isa = PBXFileReference; explicitFileType = wrapper.cfbundle; includeInIndex = 0; path = rickandmortyappTests.xctest; sourceTree = BUILT_PRODUCTS_DIR; };
		FA351E99260F39C3006B6D09 /* rickandmortyappTests.swift */ = {isa = PBXFileReference; lastKnownFileType = sourcecode.swift; path = rickandmortyappTests.swift; sourceTree = "<group>"; };
		FA351E9B260F39C3006B6D09 /* Info.plist */ = {isa = PBXFileReference; lastKnownFileType = text.plist.xml; path = Info.plist; sourceTree = "<group>"; };
		FA351EA0260F39C3006B6D09 /* rickandmortyappUITests.xctest */ = {isa = PBXFileReference; explicitFileType = wrapper.cfbundle; includeInIndex = 0; path = rickandmortyappUITests.xctest; sourceTree = BUILT_PRODUCTS_DIR; };
		FA351EA4260F39C3006B6D09 /* rickandmortyappUITests.swift */ = {isa = PBXFileReference; lastKnownFileType = sourcecode.swift; path = rickandmortyappUITests.swift; sourceTree = "<group>"; };
		FA351EA6260F39C3006B6D09 /* Info.plist */ = {isa = PBXFileReference; lastKnownFileType = text.plist.xml; path = Info.plist; sourceTree = "<group>"; };
		FA351EDA260F85E4006B6D09 /* Home.storyboard */ = {isa = PBXFileReference; lastKnownFileType = file.storyboard; path = Home.storyboard; sourceTree = "<group>"; };
		FA351EDF260F85F3006B6D09 /* HomeViewController.swift */ = {isa = PBXFileReference; lastKnownFileType = sourcecode.swift; path = HomeViewController.swift; sourceTree = "<group>"; };
		FA351EE4260F8600006B6D09 /* HomeViewModel.swift */ = {isa = PBXFileReference; lastKnownFileType = sourcecode.swift; path = HomeViewModel.swift; sourceTree = "<group>"; };
		FA351EEC260F8B50006B6D09 /* LoadingViewCell.swift */ = {isa = PBXFileReference; lastKnownFileType = sourcecode.swift; path = LoadingViewCell.swift; sourceTree = "<group>"; };
		FA351EED260F8B50006B6D09 /* LoadingViewCell.xib */ = {isa = PBXFileReference; lastKnownFileType = file.xib; path = LoadingViewCell.xib; sourceTree = "<group>"; };
		FA351EF3260F8B64006B6D09 /* CharacterViewCell.swift */ = {isa = PBXFileReference; lastKnownFileType = sourcecode.swift; path = CharacterViewCell.swift; sourceTree = "<group>"; };
		FA351EF4260F8B64006B6D09 /* CharacterViewCell.xib */ = {isa = PBXFileReference; lastKnownFileType = file.xib; path = CharacterViewCell.xib; sourceTree = "<group>"; };
		FA351EFE260F8EA2006B6D09 /* CharacterListDAO.swift */ = {isa = PBXFileReference; lastKnownFileType = sourcecode.swift; path = CharacterListDAO.swift; sourceTree = "<group>"; };
		FA351F06260F8F32006B6D09 /* InfoDAO.swift */ = {isa = PBXFileReference; lastKnownFileType = sourcecode.swift; path = InfoDAO.swift; sourceTree = "<group>"; };
		FA351F0B260F8F5B006B6D09 /* CharacterDAO.swift */ = {isa = PBXFileReference; lastKnownFileType = sourcecode.swift; path = CharacterDAO.swift; sourceTree = "<group>"; };
		FA351F13260F8FF9006B6D09 /* DataManager.swift */ = {isa = PBXFileReference; lastKnownFileType = sourcecode.swift; path = DataManager.swift; sourceTree = "<group>"; };
		FA351F18260F90A6006B6D09 /* ServiceResult.swift */ = {isa = PBXFileReference; lastKnownFileType = sourcecode.swift; path = ServiceResult.swift; sourceTree = "<group>"; };
		FA351F22260F916D006B6D09 /* ApiManager.swift */ = {isa = PBXFileReference; lastKnownFileType = sourcecode.swift; path = ApiManager.swift; sourceTree = "<group>"; };
		FA351F2A260F91B1006B6D09 /* CharacterListDTO.swift */ = {isa = PBXFileReference; lastKnownFileType = sourcecode.swift; path = CharacterListDTO.swift; sourceTree = "<group>"; };
		FA351F2F260F91C2006B6D09 /* InfoDTO.swift */ = {isa = PBXFileReference; lastKnownFileType = sourcecode.swift; path = InfoDTO.swift; sourceTree = "<group>"; };
		FA351F34260F91E1006B6D09 /* CharacterDTO.swift */ = {isa = PBXFileReference; lastKnownFileType = sourcecode.swift; path = CharacterDTO.swift; sourceTree = "<group>"; };
		FA351F45260F9371006B6D09 /* CharacterListDTOToDAOMapper.swift */ = {isa = PBXFileReference; lastKnownFileType = sourcecode.swift; path = CharacterListDTOToDAOMapper.swift; sourceTree = "<group>"; };
		FA351F4A260F96C4006B6D09 /* CharacterDTOToDAOMapper.swift */ = {isa = PBXFileReference; lastKnownFileType = sourcecode.swift; path = CharacterDTOToDAOMapper.swift; sourceTree = "<group>"; };
		FA351F4F260F9837006B6D09 /* InfoDTOToDAOMapper.swift */ = {isa = PBXFileReference; lastKnownFileType = sourcecode.swift; path = InfoDTOToDAOMapper.swift; sourceTree = "<group>"; };
		FA351F5E260FA55F006B6D09 /* CharacterDetail.storyboard */ = {isa = PBXFileReference; lastKnownFileType = file.storyboard; path = CharacterDetail.storyboard; sourceTree = "<group>"; };
		FA351F63260FA56C006B6D09 /* CharacterDetailViewController.swift */ = {isa = PBXFileReference; lastKnownFileType = sourcecode.swift; path = CharacterDetailViewController.swift; sourceTree = "<group>"; };
		FA351F68260FA57A006B6D09 /* CharacterDetailViewModel.swift */ = {isa = PBXFileReference; lastKnownFileType = sourcecode.swift; path = CharacterDetailViewModel.swift; sourceTree = "<group>"; };
		FA351F6D260FA69E006B6D09 /* Navigation.swift */ = {isa = PBXFileReference; lastKnownFileType = sourcecode.swift; path = Navigation.swift; sourceTree = "<group>"; };
		FA351F79260FAE69006B6D09 /* CharacterInfoViewCell.swift */ = {isa = PBXFileReference; lastKnownFileType = sourcecode.swift; path = CharacterInfoViewCell.swift; sourceTree = "<group>"; };
		FA351F7A260FAE69006B6D09 /* CharacterInfoViewCell.xib */ = {isa = PBXFileReference; lastKnownFileType = file.xib; path = CharacterInfoViewCell.xib; sourceTree = "<group>"; };
		FA351F80260FAE80006B6D09 /* CharacterOriginViewCell.swift */ = {isa = PBXFileReference; lastKnownFileType = sourcecode.swift; path = CharacterOriginViewCell.swift; sourceTree = "<group>"; };
		FA351F81260FAE80006B6D09 /* CharacterOriginViewCell.xib */ = {isa = PBXFileReference; lastKnownFileType = file.xib; path = CharacterOriginViewCell.xib; sourceTree = "<group>"; };
		FA351F87260FAE97006B6D09 /* CharacterLocationViewCell.swift */ = {isa = PBXFileReference; lastKnownFileType = sourcecode.swift; path = CharacterLocationViewCell.swift; sourceTree = "<group>"; };
		FA351F88260FAE97006B6D09 /* CharacterLocationViewCell.xib */ = {isa = PBXFileReference; lastKnownFileType = file.xib; path = CharacterLocationViewCell.xib; sourceTree = "<group>"; };
		FA351F91260FB23D006B6D09 /* Typealias.swift */ = {isa = PBXFileReference; lastKnownFileType = sourcecode.swift; path = Typealias.swift; sourceTree = "<group>"; };
		FA351F9A260FC14D006B6D09 /* LocationDetail.storyboard */ = {isa = PBXFileReference; lastKnownFileType = file.storyboard; path = LocationDetail.storyboard; sourceTree = "<group>"; };
		FA351F9F260FC15C006B6D09 /* LocationDetailViewController.swift */ = {isa = PBXFileReference; lastKnownFileType = sourcecode.swift; path = LocationDetailViewController.swift; sourceTree = "<group>"; };
		FA351FA4260FC167006B6D09 /* LocationDetailViewModel.swift */ = {isa = PBXFileReference; lastKnownFileType = sourcecode.swift; path = LocationDetailViewModel.swift; sourceTree = "<group>"; };
		FA351FA9260FC4EA006B6D09 /* LocationDTO.swift */ = {isa = PBXFileReference; lastKnownFileType = sourcecode.swift; path = LocationDTO.swift; sourceTree = "<group>"; };
		FA351FAE260FC50D006B6D09 /* LocationDAO.swift */ = {isa = PBXFileReference; lastKnownFileType = sourcecode.swift; path = LocationDAO.swift; sourceTree = "<group>"; };
		FA351FB3260FC593006B6D09 /* LocationDTOToDAOMapper.swift */ = {isa = PBXFileReference; lastKnownFileType = sourcecode.swift; path = LocationDTOToDAOMapper.swift; sourceTree = "<group>"; };
/* End PBXFileReference section */

/* Begin PBXFrameworksBuildPhase section */
		FA351E7C260F39C2006B6D09 /* Frameworks */ = {
			isa = PBXFrameworksBuildPhase;
			buildActionMask = 2147483647;
			files = (
				B758D6F30DD06F6356B4879B /* Pods_rickandmortyapp.framework in Frameworks */,
			);
			runOnlyForDeploymentPostprocessing = 0;
		};
		FA351E92260F39C3006B6D09 /* Frameworks */ = {
			isa = PBXFrameworksBuildPhase;
			buildActionMask = 2147483647;
			files = (
				FCD6D9FAA102452CFC5C071C /* Pods_rickandmortyappTests.framework in Frameworks */,
			);
			runOnlyForDeploymentPostprocessing = 0;
		};
		FA351E9D260F39C3006B6D09 /* Frameworks */ = {
			isa = PBXFrameworksBuildPhase;
			buildActionMask = 2147483647;
			files = (
				CF5FBE8F99F8152DB64D1C61 /* Pods_rickandmortyappUITests.framework in Frameworks */,
			);
			runOnlyForDeploymentPostprocessing = 0;
		};
/* End PBXFrameworksBuildPhase section */

/* Begin PBXGroup section */
		A3E1D28F018983A3FFE52F61 /* Frameworks */ = {
			isa = PBXGroup;
			children = (
				4C2C8197F5A8EABD1EFBFFC1 /* Pods_rickandmortyapp.framework */,
				F75AC19D59504A0B01524CA9 /* Pods_rickandmortyappTests.framework */,
				A5799393A250148412D271D9 /* Pods_rickandmortyappUITests.framework */,
			);
			name = Frameworks;
			sourceTree = "<group>";
		};
		B7FD5EE8E0E9336C5838D27D /* Pods */ = {
			isa = PBXGroup;
			children = (
				20CD5EE262F84B9C7B7F741D /* Pods-rickandmortyapp.debug.xcconfig */,
				BECDE7CF60E97D478B01B123 /* Pods-rickandmortyapp.release.xcconfig */,
				BD76AAB676D0DBFB0139E6D6 /* Pods-rickandmortyappTests.debug.xcconfig */,
				9EDB03E940BFE3BD285AC870 /* Pods-rickandmortyappTests.release.xcconfig */,
				6B1233BFBE7ECA185741F853 /* Pods-rickandmortyappUITests.debug.xcconfig */,
				D07EBF1B125B68F56B72C6E4 /* Pods-rickandmortyappUITests.release.xcconfig */,
			);
			path = Pods;
			sourceTree = "<group>";
		};
		FA351E76260F39C2006B6D09 = {
			isa = PBXGroup;
			children = (
				FA351E81260F39C2006B6D09 /* rickandmortyapp */,
				FA351E98260F39C3006B6D09 /* rickandmortyappTests */,
				FA351EA3260F39C3006B6D09 /* rickandmortyappUITests */,
				FA351E80260F39C2006B6D09 /* Products */,
				B7FD5EE8E0E9336C5838D27D /* Pods */,
				A3E1D28F018983A3FFE52F61 /* Frameworks */,
			);
			sourceTree = "<group>";
		};
		FA351E80260F39C2006B6D09 /* Products */ = {
			isa = PBXGroup;
			children = (
				FA351E7F260F39C2006B6D09 /* rickandmortyapp.app */,
				FA351E95260F39C3006B6D09 /* rickandmortyappTests.xctest */,
				FA351EA0260F39C3006B6D09 /* rickandmortyappUITests.xctest */,
			);
			name = Products;
			sourceTree = "<group>";
		};
		FA351E81260F39C2006B6D09 /* rickandmortyapp */ = {
			isa = PBXGroup;
			children = (
				FA351ECA260F846B006B6D09 /* App */,
				FA351EC9260F8464006B6D09 /* Data */,
				FA351EC8260F8458006B6D09 /* Features */,
				FA351EC7260F8449006B6D09 /* SupportingFiles */,
			);
			path = rickandmortyapp;
			sourceTree = "<group>";
		};
		FA351E98260F39C3006B6D09 /* rickandmortyappTests */ = {
			isa = PBXGroup;
			children = (
				FA351E99260F39C3006B6D09 /* rickandmortyappTests.swift */,
				FA351E9B260F39C3006B6D09 /* Info.plist */,
			);
			path = rickandmortyappTests;
			sourceTree = "<group>";
		};
		FA351EA3260F39C3006B6D09 /* rickandmortyappUITests */ = {
			isa = PBXGroup;
			children = (
				FA351EA4260F39C3006B6D09 /* rickandmortyappUITests.swift */,
				FA351EA6260F39C3006B6D09 /* Info.plist */,
			);
			path = rickandmortyappUITests;
			sourceTree = "<group>";
		};
		FA351EC7260F8449006B6D09 /* SupportingFiles */ = {
			isa = PBXGroup;
			children = (
				FA351E90260F39C3006B6D09 /* Info.plist */,
			);
			path = SupportingFiles;
			sourceTree = "<group>";
		};
		FA351EC8260F8458006B6D09 /* Features */ = {
			isa = PBXGroup;
			children = (
				FA351F99260FC130006B6D09 /* LocationDetail */,
				FA351F5D260FA549006B6D09 /* CharacterDetail */,
				FA351ED5260F85C8006B6D09 /* Home */,
				FA351ECF260F850A006B6D09 /* Launch */,
			);
			path = Features;
			sourceTree = "<group>";
		};
		FA351EC9260F8464006B6D09 /* Data */ = {
			isa = PBXGroup;
			children = (
				FA351F13260F8FF9006B6D09 /* DataManager.swift */,
				FA351F18260F90A6006B6D09 /* ServiceResult.swift */,
				FA351F91260FB23D006B6D09 /* Typealias.swift */,
				FA351ED0260F852A006B6D09 /* Local */,
				FA351F3C260F931C006B6D09 /* Mappers */,
				FA351EFD260F8E8D006B6D09 /* Models */,
				FA351ED1260F8530006B6D09 /* Remote */,
			);
			path = Data;
			sourceTree = "<group>";
		};
		FA351ECA260F846B006B6D09 /* App */ = {
			isa = PBXGroup;
			children = (
				FA351E82260F39C2006B6D09 /* AppDelegate.swift */,
				FA351E84260F39C2006B6D09 /* SceneDelegate.swift */,
				FA351F6D260FA69E006B6D09 /* Navigation.swift */,
				FA351ECB260F8494006B6D09 /* Resources */,
			);
			path = App;
			sourceTree = "<group>";
		};
		FA351ECB260F8494006B6D09 /* Resources */ = {
			isa = PBXGroup;
			children = (
				FA351E8B260F39C3006B6D09 /* Assets.xcassets */,
			);
			path = Resources;
			sourceTree = "<group>";
		};
		FA351ECF260F850A006B6D09 /* Launch */ = {
			isa = PBXGroup;
			children = (
				FA351E8D260F39C3006B6D09 /* LaunchScreen.storyboard */,
			);
			path = Launch;
			sourceTree = "<group>";
		};
		FA351ED0260F852A006B6D09 /* Local */ = {
			isa = PBXGroup;
			children = (
			);
			path = Local;
			sourceTree = "<group>";
		};
		FA351ED1260F8530006B6D09 /* Remote */ = {
			isa = PBXGroup;
			children = (
				FA351F20260F9141006B6D09 /* API */,
				FA351F21260F9146006B6D09 /* DTOs */,
			);
			path = Remote;
			sourceTree = "<group>";
		};
		FA351ED5260F85C8006B6D09 /* Home */ = {
			isa = PBXGroup;
			children = (
				FA351ED9260F85D3006B6D09 /* Cells */,
				FA351EDA260F85E4006B6D09 /* Home.storyboard */,
				FA351EDF260F85F3006B6D09 /* HomeViewController.swift */,
				FA351EE4260F8600006B6D09 /* HomeViewModel.swift */,
			);
			path = Home;
			sourceTree = "<group>";
		};
		FA351ED9260F85D3006B6D09 /* Cells */ = {
			isa = PBXGroup;
			children = (
				FA351EF4260F8B64006B6D09 /* CharacterViewCell.xib */,
				FA351EF3260F8B64006B6D09 /* CharacterViewCell.swift */,
				FA351EED260F8B50006B6D09 /* LoadingViewCell.xib */,
				FA351EEC260F8B50006B6D09 /* LoadingViewCell.swift */,
			);
			path = Cells;
			sourceTree = "<group>";
		};
		FA351EFD260F8E8D006B6D09 /* Models */ = {
			isa = PBXGroup;
			children = (
				FA351F0B260F8F5B006B6D09 /* CharacterDAO.swift */,
				FA351EFE260F8EA2006B6D09 /* CharacterListDAO.swift */,
				FA351F06260F8F32006B6D09 /* InfoDAO.swift */,
				FA351FAE260FC50D006B6D09 /* LocationDAO.swift */,
			);
			path = Models;
			sourceTree = "<group>";
		};
		FA351F20260F9141006B6D09 /* API */ = {
			isa = PBXGroup;
			children = (
				FA351F22260F916D006B6D09 /* ApiManager.swift */,
			);
			path = API;
			sourceTree = "<group>";
		};
		FA351F21260F9146006B6D09 /* DTOs */ = {
			isa = PBXGroup;
			children = (
				FA351F34260F91E1006B6D09 /* CharacterDTO.swift */,
				FA351F2A260F91B1006B6D09 /* CharacterListDTO.swift */,
				FA351F2F260F91C2006B6D09 /* InfoDTO.swift */,
				FA351FA9260FC4EA006B6D09 /* LocationDTO.swift */,
			);
			path = DTOs;
			sourceTree = "<group>";
		};
		FA351F3C260F931C006B6D09 /* Mappers */ = {
			isa = PBXGroup;
			children = (
				FA351F4A260F96C4006B6D09 /* CharacterDTOToDAOMapper.swift */,
				FA351F45260F9371006B6D09 /* CharacterListDTOToDAOMapper.swift */,
				FA351F4F260F9837006B6D09 /* InfoDTOToDAOMapper.swift */,
				FA351FB3260FC593006B6D09 /* LocationDTOToDAOMapper.swift */,
			);
			path = Mappers;
			sourceTree = "<group>";
		};
		FA351F5D260FA549006B6D09 /* CharacterDetail */ = {
			isa = PBXGroup;
			children = (
				FA351F75260FA92F006B6D09 /* Cells */,
				FA351F5E260FA55F006B6D09 /* CharacterDetail.storyboard */,
				FA351F63260FA56C006B6D09 /* CharacterDetailViewController.swift */,
				FA351F68260FA57A006B6D09 /* CharacterDetailViewModel.swift */,
			);
			path = CharacterDetail;
			sourceTree = "<group>";
		};
		FA351F75260FA92F006B6D09 /* Cells */ = {
			isa = PBXGroup;
			children = (
				FA351F7A260FAE69006B6D09 /* CharacterInfoViewCell.xib */,
				FA351F79260FAE69006B6D09 /* CharacterInfoViewCell.swift */,
				FA351F88260FAE97006B6D09 /* CharacterLocationViewCell.xib */,
				FA351F87260FAE97006B6D09 /* CharacterLocationViewCell.swift */,
				FA351F81260FAE80006B6D09 /* CharacterOriginViewCell.xib */,
				FA351F80260FAE80006B6D09 /* CharacterOriginViewCell.swift */,
			);
			path = Cells;
			sourceTree = "<group>";
		};
		FA351F99260FC130006B6D09 /* LocationDetail */ = {
			isa = PBXGroup;
			children = (
				FA351F9A260FC14D006B6D09 /* LocationDetail.storyboard */,
				FA351F9F260FC15C006B6D09 /* LocationDetailViewController.swift */,
				FA351FA4260FC167006B6D09 /* LocationDetailViewModel.swift */,
			);
			path = LocationDetail;
			sourceTree = "<group>";
		};
/* End PBXGroup section */

/* Begin PBXNativeTarget section */
		FA351E7E260F39C2006B6D09 /* rickandmortyapp */ = {
			isa = PBXNativeTarget;
			buildConfigurationList = FA351EA9260F39C3006B6D09 /* Build configuration list for PBXNativeTarget "rickandmortyapp" */;
			buildPhases = (
				0F579FCC466176C022DD5AE8 /* [CP] Check Pods Manifest.lock */,
				FA351E7B260F39C2006B6D09 /* Sources */,
				FA351E7C260F39C2006B6D09 /* Frameworks */,
				FA351E7D260F39C2006B6D09 /* Resources */,
				2E4A36EB98A4868266BB871E /* [CP] Embed Pods Frameworks */,
			);
			buildRules = (
			);
			dependencies = (
			);
			name = rickandmortyapp;
			productName = rickandmortyapp;
			productReference = FA351E7F260F39C2006B6D09 /* rickandmortyapp.app */;
			productType = "com.apple.product-type.application";
		};
		FA351E94260F39C3006B6D09 /* rickandmortyappTests */ = {
			isa = PBXNativeTarget;
			buildConfigurationList = FA351EAC260F39C3006B6D09 /* Build configuration list for PBXNativeTarget "rickandmortyappTests" */;
			buildPhases = (
				1CC3463FAEFDB228E54CD4EF /* [CP] Check Pods Manifest.lock */,
				FA351E91260F39C3006B6D09 /* Sources */,
				FA351E92260F39C3006B6D09 /* Frameworks */,
				FA351E93260F39C3006B6D09 /* Resources */,
			);
			buildRules = (
			);
			dependencies = (
				FA351E97260F39C3006B6D09 /* PBXTargetDependency */,
			);
			name = rickandmortyappTests;
			productName = rickandmortyappTests;
			productReference = FA351E95260F39C3006B6D09 /* rickandmortyappTests.xctest */;
			productType = "com.apple.product-type.bundle.unit-test";
		};
		FA351E9F260F39C3006B6D09 /* rickandmortyappUITests */ = {
			isa = PBXNativeTarget;
			buildConfigurationList = FA351EAF260F39C3006B6D09 /* Build configuration list for PBXNativeTarget "rickandmortyappUITests" */;
			buildPhases = (
				F1D98732386B4495C239137C /* [CP] Check Pods Manifest.lock */,
				FA351E9C260F39C3006B6D09 /* Sources */,
				FA351E9D260F39C3006B6D09 /* Frameworks */,
				FA351E9E260F39C3006B6D09 /* Resources */,
			);
			buildRules = (
			);
			dependencies = (
				FA351EA2260F39C3006B6D09 /* PBXTargetDependency */,
			);
			name = rickandmortyappUITests;
			productName = rickandmortyappUITests;
			productReference = FA351EA0260F39C3006B6D09 /* rickandmortyappUITests.xctest */;
			productType = "com.apple.product-type.bundle.ui-testing";
		};
/* End PBXNativeTarget section */

/* Begin PBXProject section */
		FA351E77260F39C2006B6D09 /* Project object */ = {
			isa = PBXProject;
			attributes = {
				LastSwiftUpdateCheck = 1220;
				LastUpgradeCheck = 1220;
				TargetAttributes = {
					FA351E7E260F39C2006B6D09 = {
						CreatedOnToolsVersion = 12.2;
					};
					FA351E94260F39C3006B6D09 = {
						CreatedOnToolsVersion = 12.2;
						TestTargetID = FA351E7E260F39C2006B6D09;
					};
					FA351E9F260F39C3006B6D09 = {
						CreatedOnToolsVersion = 12.2;
						TestTargetID = FA351E7E260F39C2006B6D09;
					};
				};
			};
			buildConfigurationList = FA351E7A260F39C2006B6D09 /* Build configuration list for PBXProject "rickandmortyapp" */;
			compatibilityVersion = "Xcode 9.3";
			developmentRegion = en;
			hasScannedForEncodings = 0;
			knownRegions = (
				en,
				Base,
			);
			mainGroup = FA351E76260F39C2006B6D09;
			productRefGroup = FA351E80260F39C2006B6D09 /* Products */;
			projectDirPath = "";
			projectRoot = "";
			targets = (
				FA351E7E260F39C2006B6D09 /* rickandmortyapp */,
				FA351E94260F39C3006B6D09 /* rickandmortyappTests */,
				FA351E9F260F39C3006B6D09 /* rickandmortyappUITests */,
			);
		};
/* End PBXProject section */

/* Begin PBXResourcesBuildPhase section */
		FA351E7D260F39C2006B6D09 /* Resources */ = {
			isa = PBXResourcesBuildPhase;
			buildActionMask = 2147483647;
			files = (
				FA351F7C260FAE69006B6D09 /* CharacterInfoViewCell.xib in Resources */,
				FA351EDB260F85E4006B6D09 /* Home.storyboard in Resources */,
				FA351EEF260F8B50006B6D09 /* LoadingViewCell.xib in Resources */,
				FA351EF6260F8B64006B6D09 /* CharacterViewCell.xib in Resources */,
				FA351F83260FAE80006B6D09 /* CharacterOriginViewCell.xib in Resources */,
				FA351F5F260FA55F006B6D09 /* CharacterDetail.storyboard in Resources */,
				FA351F9B260FC14D006B6D09 /* LocationDetail.storyboard in Resources */,
				FA351E8F260F39C3006B6D09 /* LaunchScreen.storyboard in Resources */,
				FA351F8A260FAE97006B6D09 /* CharacterLocationViewCell.xib in Resources */,
				FA351E8C260F39C3006B6D09 /* Assets.xcassets in Resources */,
			);
			runOnlyForDeploymentPostprocessing = 0;
		};
		FA351E93260F39C3006B6D09 /* Resources */ = {
			isa = PBXResourcesBuildPhase;
			buildActionMask = 2147483647;
			files = (
			);
			runOnlyForDeploymentPostprocessing = 0;
		};
		FA351E9E260F39C3006B6D09 /* Resources */ = {
			isa = PBXResourcesBuildPhase;
			buildActionMask = 2147483647;
			files = (
			);
			runOnlyForDeploymentPostprocessing = 0;
		};
/* End PBXResourcesBuildPhase section */

/* Begin PBXShellScriptBuildPhase section */
		0F579FCC466176C022DD5AE8 /* [CP] Check Pods Manifest.lock */ = {
			isa = PBXShellScriptBuildPhase;
			buildActionMask = 2147483647;
			files = (
			);
			inputFileListPaths = (
			);
			inputPaths = (
				"${PODS_PODFILE_DIR_PATH}/Podfile.lock",
				"${PODS_ROOT}/Manifest.lock",
			);
			name = "[CP] Check Pods Manifest.lock";
			outputFileListPaths = (
			);
			outputPaths = (
				"$(DERIVED_FILE_DIR)/Pods-rickandmortyapp-checkManifestLockResult.txt",
			);
			runOnlyForDeploymentPostprocessing = 0;
			shellPath = /bin/sh;
			shellScript = "diff \"${PODS_PODFILE_DIR_PATH}/Podfile.lock\" \"${PODS_ROOT}/Manifest.lock\" > /dev/null\nif [ $? != 0 ] ; then\n    # print error to STDERR\n    echo \"error: The sandbox is not in sync with the Podfile.lock. Run 'pod install' or update your CocoaPods installation.\" >&2\n    exit 1\nfi\n# This output is used by Xcode 'outputs' to avoid re-running this script phase.\necho \"SUCCESS\" > \"${SCRIPT_OUTPUT_FILE_0}\"\n";
			showEnvVarsInLog = 0;
		};
		1CC3463FAEFDB228E54CD4EF /* [CP] Check Pods Manifest.lock */ = {
			isa = PBXShellScriptBuildPhase;
			buildActionMask = 2147483647;
			files = (
			);
			inputFileListPaths = (
			);
			inputPaths = (
				"${PODS_PODFILE_DIR_PATH}/Podfile.lock",
				"${PODS_ROOT}/Manifest.lock",
			);
			name = "[CP] Check Pods Manifest.lock";
			outputFileListPaths = (
			);
			outputPaths = (
				"$(DERIVED_FILE_DIR)/Pods-rickandmortyappTests-checkManifestLockResult.txt",
			);
			runOnlyForDeploymentPostprocessing = 0;
			shellPath = /bin/sh;
			shellScript = "diff \"${PODS_PODFILE_DIR_PATH}/Podfile.lock\" \"${PODS_ROOT}/Manifest.lock\" > /dev/null\nif [ $? != 0 ] ; then\n    # print error to STDERR\n    echo \"error: The sandbox is not in sync with the Podfile.lock. Run 'pod install' or update your CocoaPods installation.\" >&2\n    exit 1\nfi\n# This output is used by Xcode 'outputs' to avoid re-running this script phase.\necho \"SUCCESS\" > \"${SCRIPT_OUTPUT_FILE_0}\"\n";
			showEnvVarsInLog = 0;
		};
		2E4A36EB98A4868266BB871E /* [CP] Embed Pods Frameworks */ = {
			isa = PBXShellScriptBuildPhase;
			buildActionMask = 2147483647;
			files = (
			);
			inputFileListPaths = (
				"${PODS_ROOT}/Target Support Files/Pods-rickandmortyapp/Pods-rickandmortyapp-frameworks-${CONFIGURATION}-input-files.xcfilelist",
			);
			name = "[CP] Embed Pods Frameworks";
			outputFileListPaths = (
				"${PODS_ROOT}/Target Support Files/Pods-rickandmortyapp/Pods-rickandmortyapp-frameworks-${CONFIGURATION}-output-files.xcfilelist",
			);
			runOnlyForDeploymentPostprocessing = 0;
			shellPath = /bin/sh;
			shellScript = "\"${PODS_ROOT}/Target Support Files/Pods-rickandmortyapp/Pods-rickandmortyapp-frameworks.sh\"\n";
			showEnvVarsInLog = 0;
		};
		F1D98732386B4495C239137C /* [CP] Check Pods Manifest.lock */ = {
			isa = PBXShellScriptBuildPhase;
			buildActionMask = 2147483647;
			files = (
			);
			inputFileListPaths = (
			);
			inputPaths = (
				"${PODS_PODFILE_DIR_PATH}/Podfile.lock",
				"${PODS_ROOT}/Manifest.lock",
			);
			name = "[CP] Check Pods Manifest.lock";
			outputFileListPaths = (
			);
			outputPaths = (
				"$(DERIVED_FILE_DIR)/Pods-rickandmortyappUITests-checkManifestLockResult.txt",
			);
			runOnlyForDeploymentPostprocessing = 0;
			shellPath = /bin/sh;
			shellScript = "diff \"${PODS_PODFILE_DIR_PATH}/Podfile.lock\" \"${PODS_ROOT}/Manifest.lock\" > /dev/null\nif [ $? != 0 ] ; then\n    # print error to STDERR\n    echo \"error: The sandbox is not in sync with the Podfile.lock. Run 'pod install' or update your CocoaPods installation.\" >&2\n    exit 1\nfi\n# This output is used by Xcode 'outputs' to avoid re-running this script phase.\necho \"SUCCESS\" > \"${SCRIPT_OUTPUT_FILE_0}\"\n";
			showEnvVarsInLog = 0;
		};
/* End PBXShellScriptBuildPhase section */

/* Begin PBXSourcesBuildPhase section */
		FA351E7B260F39C2006B6D09 /* Sources */ = {
			isa = PBXSourcesBuildPhase;
			buildActionMask = 2147483647;
			files = (
				FA351F35260F91E1006B6D09 /* CharacterDTO.swift in Sources */,
				FA351FA5260FC167006B6D09 /* LocationDetailViewModel.swift in Sources */,
				FA351F07260F8F32006B6D09 /* InfoDAO.swift in Sources */,
				FA351F64260FA56C006B6D09 /* CharacterDetailViewController.swift in Sources */,
				FA351F2B260F91B1006B6D09 /* CharacterListDTO.swift in Sources */,
				FA351F19260F90A6006B6D09 /* ServiceResult.swift in Sources */,
				FA351F14260F8FF9006B6D09 /* DataManager.swift in Sources */,
				FA351FA0260FC15C006B6D09 /* LocationDetailViewController.swift in Sources */,
				FA351EF5260F8B64006B6D09 /* CharacterViewCell.swift in Sources */,
				FA351FB4260FC593006B6D09 /* LocationDTOToDAOMapper.swift in Sources */,
				FA351F4B260F96C4006B6D09 /* CharacterDTOToDAOMapper.swift in Sources */,
				FA351F30260F91C2006B6D09 /* InfoDTO.swift in Sources */,
				FA351F82260FAE80006B6D09 /* CharacterOriginViewCell.swift in Sources */,
				FA351F6E260FA69E006B6D09 /* Navigation.swift in Sources */,
				FA351F89260FAE97006B6D09 /* CharacterLocationViewCell.swift in Sources */,
				FA351F23260F916D006B6D09 /* ApiManager.swift in Sources */,
				FA351F46260F9371006B6D09 /* CharacterListDTOToDAOMapper.swift in Sources */,
				FA351F92260FB23D006B6D09 /* Typealias.swift in Sources */,
				FA351F7B260FAE69006B6D09 /* CharacterInfoViewCell.swift in Sources */,
				FA351E83260F39C2006B6D09 /* AppDelegate.swift in Sources */,
				FA351EFF260F8EA2006B6D09 /* CharacterListDAO.swift in Sources */,
				FA351E85260F39C2006B6D09 /* SceneDelegate.swift in Sources */,
				FA351EEE260F8B50006B6D09 /* LoadingViewCell.swift in Sources */,
				FA351F0C260F8F5B006B6D09 /* CharacterDAO.swift in Sources */,
				FA351EE0260F85F3006B6D09 /* HomeViewController.swift in Sources */,
				FA351FAA260FC4EA006B6D09 /* LocationDTO.swift in Sources */,
				FA351F69260FA57A006B6D09 /* CharacterDetailViewModel.swift in Sources */,
				FA351F50260F9837006B6D09 /* InfoDTOToDAOMapper.swift in Sources */,
				FA351FAF260FC50D006B6D09 /* LocationDAO.swift in Sources */,
				FA351EE5260F8600006B6D09 /* HomeViewModel.swift in Sources */,
			);
			runOnlyForDeploymentPostprocessing = 0;
		};
		FA351E91260F39C3006B6D09 /* Sources */ = {
			isa = PBXSourcesBuildPhase;
			buildActionMask = 2147483647;
			files = (
				FA351E9A260F39C3006B6D09 /* rickandmortyappTests.swift in Sources */,
			);
			runOnlyForDeploymentPostprocessing = 0;
		};
		FA351E9C260F39C3006B6D09 /* Sources */ = {
			isa = PBXSourcesBuildPhase;
			buildActionMask = 2147483647;
			files = (
				FA351EA5260F39C3006B6D09 /* rickandmortyappUITests.swift in Sources */,
			);
			runOnlyForDeploymentPostprocessing = 0;
		};
/* End PBXSourcesBuildPhase section */

/* Begin PBXTargetDependency section */
		FA351E97260F39C3006B6D09 /* PBXTargetDependency */ = {
			isa = PBXTargetDependency;
			target = FA351E7E260F39C2006B6D09 /* rickandmortyapp */;
			targetProxy = FA351E96260F39C3006B6D09 /* PBXContainerItemProxy */;
		};
		FA351EA2260F39C3006B6D09 /* PBXTargetDependency */ = {
			isa = PBXTargetDependency;
			target = FA351E7E260F39C2006B6D09 /* rickandmortyapp */;
			targetProxy = FA351EA1260F39C3006B6D09 /* PBXContainerItemProxy */;
		};
/* End PBXTargetDependency section */

/* Begin PBXVariantGroup section */
		FA351E8D260F39C3006B6D09 /* LaunchScreen.storyboard */ = {
			isa = PBXVariantGroup;
			children = (
				FA351E8E260F39C3006B6D09 /* Base */,
			);
			name = LaunchScreen.storyboard;
			sourceTree = "<group>";
		};
/* End PBXVariantGroup section */

/* Begin XCBuildConfiguration section */
		FA351EA7260F39C3006B6D09 /* Debug */ = {
			isa = XCBuildConfiguration;
			buildSettings = {
				ALWAYS_SEARCH_USER_PATHS = NO;
				CLANG_ANALYZER_NONNULL = YES;
				CLANG_ANALYZER_NUMBER_OBJECT_CONVERSION = YES_AGGRESSIVE;
				CLANG_CXX_LANGUAGE_STANDARD = "gnu++14";
				CLANG_CXX_LIBRARY = "libc++";
				CLANG_ENABLE_MODULES = YES;
				CLANG_ENABLE_OBJC_ARC = YES;
				CLANG_ENABLE_OBJC_WEAK = YES;
				CLANG_WARN_BLOCK_CAPTURE_AUTORELEASING = YES;
				CLANG_WARN_BOOL_CONVERSION = YES;
				CLANG_WARN_COMMA = YES;
				CLANG_WARN_CONSTANT_CONVERSION = YES;
				CLANG_WARN_DEPRECATED_OBJC_IMPLEMENTATIONS = YES;
				CLANG_WARN_DIRECT_OBJC_ISA_USAGE = YES_ERROR;
				CLANG_WARN_DOCUMENTATION_COMMENTS = YES;
				CLANG_WARN_EMPTY_BODY = YES;
				CLANG_WARN_ENUM_CONVERSION = YES;
				CLANG_WARN_INFINITE_RECURSION = YES;
				CLANG_WARN_INT_CONVERSION = YES;
				CLANG_WARN_NON_LITERAL_NULL_CONVERSION = YES;
				CLANG_WARN_OBJC_IMPLICIT_RETAIN_SELF = YES;
				CLANG_WARN_OBJC_LITERAL_CONVERSION = YES;
				CLANG_WARN_OBJC_ROOT_CLASS = YES_ERROR;
				CLANG_WARN_QUOTED_INCLUDE_IN_FRAMEWORK_HEADER = YES;
				CLANG_WARN_RANGE_LOOP_ANALYSIS = YES;
				CLANG_WARN_STRICT_PROTOTYPES = YES;
				CLANG_WARN_SUSPICIOUS_MOVE = YES;
				CLANG_WARN_UNGUARDED_AVAILABILITY = YES_AGGRESSIVE;
				CLANG_WARN_UNREACHABLE_CODE = YES;
				CLANG_WARN__DUPLICATE_METHOD_MATCH = YES;
				COPY_PHASE_STRIP = NO;
				DEBUG_INFORMATION_FORMAT = dwarf;
				ENABLE_STRICT_OBJC_MSGSEND = YES;
				ENABLE_TESTABILITY = YES;
				GCC_C_LANGUAGE_STANDARD = gnu11;
				GCC_DYNAMIC_NO_PIC = NO;
				GCC_NO_COMMON_BLOCKS = YES;
				GCC_OPTIMIZATION_LEVEL = 0;
				GCC_PREPROCESSOR_DEFINITIONS = (
					"DEBUG=1",
					"$(inherited)",
				);
				GCC_WARN_64_TO_32_BIT_CONVERSION = YES;
				GCC_WARN_ABOUT_RETURN_TYPE = YES_ERROR;
				GCC_WARN_UNDECLARED_SELECTOR = YES;
				GCC_WARN_UNINITIALIZED_AUTOS = YES_AGGRESSIVE;
				GCC_WARN_UNUSED_FUNCTION = YES;
				GCC_WARN_UNUSED_VARIABLE = YES;
				IPHONEOS_DEPLOYMENT_TARGET = 14.2;
				MTL_ENABLE_DEBUG_INFO = INCLUDE_SOURCE;
				MTL_FAST_MATH = YES;
				ONLY_ACTIVE_ARCH = YES;
				SDKROOT = iphoneos;
				SWIFT_ACTIVE_COMPILATION_CONDITIONS = DEBUG;
				SWIFT_OPTIMIZATION_LEVEL = "-Onone";
			};
			name = Debug;
		};
		FA351EA8260F39C3006B6D09 /* Release */ = {
			isa = XCBuildConfiguration;
			buildSettings = {
				ALWAYS_SEARCH_USER_PATHS = NO;
				CLANG_ANALYZER_NONNULL = YES;
				CLANG_ANALYZER_NUMBER_OBJECT_CONVERSION = YES_AGGRESSIVE;
				CLANG_CXX_LANGUAGE_STANDARD = "gnu++14";
				CLANG_CXX_LIBRARY = "libc++";
				CLANG_ENABLE_MODULES = YES;
				CLANG_ENABLE_OBJC_ARC = YES;
				CLANG_ENABLE_OBJC_WEAK = YES;
				CLANG_WARN_BLOCK_CAPTURE_AUTORELEASING = YES;
				CLANG_WARN_BOOL_CONVERSION = YES;
				CLANG_WARN_COMMA = YES;
				CLANG_WARN_CONSTANT_CONVERSION = YES;
				CLANG_WARN_DEPRECATED_OBJC_IMPLEMENTATIONS = YES;
				CLANG_WARN_DIRECT_OBJC_ISA_USAGE = YES_ERROR;
				CLANG_WARN_DOCUMENTATION_COMMENTS = YES;
				CLANG_WARN_EMPTY_BODY = YES;
				CLANG_WARN_ENUM_CONVERSION = YES;
				CLANG_WARN_INFINITE_RECURSION = YES;
				CLANG_WARN_INT_CONVERSION = YES;
				CLANG_WARN_NON_LITERAL_NULL_CONVERSION = YES;
				CLANG_WARN_OBJC_IMPLICIT_RETAIN_SELF = YES;
				CLANG_WARN_OBJC_LITERAL_CONVERSION = YES;
				CLANG_WARN_OBJC_ROOT_CLASS = YES_ERROR;
				CLANG_WARN_QUOTED_INCLUDE_IN_FRAMEWORK_HEADER = YES;
				CLANG_WARN_RANGE_LOOP_ANALYSIS = YES;
				CLANG_WARN_STRICT_PROTOTYPES = YES;
				CLANG_WARN_SUSPICIOUS_MOVE = YES;
				CLANG_WARN_UNGUARDED_AVAILABILITY = YES_AGGRESSIVE;
				CLANG_WARN_UNREACHABLE_CODE = YES;
				CLANG_WARN__DUPLICATE_METHOD_MATCH = YES;
				COPY_PHASE_STRIP = NO;
				DEBUG_INFORMATION_FORMAT = "dwarf-with-dsym";
				ENABLE_NS_ASSERTIONS = NO;
				ENABLE_STRICT_OBJC_MSGSEND = YES;
				GCC_C_LANGUAGE_STANDARD = gnu11;
				GCC_NO_COMMON_BLOCKS = YES;
				GCC_WARN_64_TO_32_BIT_CONVERSION = YES;
				GCC_WARN_ABOUT_RETURN_TYPE = YES_ERROR;
				GCC_WARN_UNDECLARED_SELECTOR = YES;
				GCC_WARN_UNINITIALIZED_AUTOS = YES_AGGRESSIVE;
				GCC_WARN_UNUSED_FUNCTION = YES;
				GCC_WARN_UNUSED_VARIABLE = YES;
				IPHONEOS_DEPLOYMENT_TARGET = 14.2;
				MTL_ENABLE_DEBUG_INFO = NO;
				MTL_FAST_MATH = YES;
				SDKROOT = iphoneos;
				SWIFT_COMPILATION_MODE = wholemodule;
				SWIFT_OPTIMIZATION_LEVEL = "-O";
				VALIDATE_PRODUCT = YES;
			};
			name = Release;
		};
		FA351EAA260F39C3006B6D09 /* Debug */ = {
			isa = XCBuildConfiguration;
			baseConfigurationReference = 20CD5EE262F84B9C7B7F741D /* Pods-rickandmortyapp.debug.xcconfig */;
			buildSettings = {
				ASSETCATALOG_COMPILER_APPICON_NAME = AppIcon;
				ASSETCATALOG_COMPILER_GLOBAL_ACCENT_COLOR_NAME = AccentColor;
				CODE_SIGN_STYLE = Automatic;
				DEVELOPMENT_TEAM = FNC56RY6LN;
				INFOPLIST_FILE = rickandmortyapp/SupportingFiles/Info.plist;
				LD_RUNPATH_SEARCH_PATHS = (
					"$(inherited)",
					"@executable_path/Frameworks",
				);
				PRODUCT_BUNDLE_IDENTIFIER = com.colmenero.rickandmortyapp;
				PRODUCT_NAME = "$(TARGET_NAME)";
				SWIFT_VERSION = 5.0;
				TARGETED_DEVICE_FAMILY = "1,2";
			};
			name = Debug;
		};
		FA351EAB260F39C3006B6D09 /* Release */ = {
			isa = XCBuildConfiguration;
			baseConfigurationReference = BECDE7CF60E97D478B01B123 /* Pods-rickandmortyapp.release.xcconfig */;
			buildSettings = {
				ASSETCATALOG_COMPILER_APPICON_NAME = AppIcon;
				ASSETCATALOG_COMPILER_GLOBAL_ACCENT_COLOR_NAME = AccentColor;
				CODE_SIGN_STYLE = Automatic;
				DEVELOPMENT_TEAM = FNC56RY6LN;
				INFOPLIST_FILE = rickandmortyapp/SupportingFiles/Info.plist;
				LD_RUNPATH_SEARCH_PATHS = (
					"$(inherited)",
					"@executable_path/Frameworks",
				);
				PRODUCT_BUNDLE_IDENTIFIER = com.colmenero.rickandmortyapp;
				PRODUCT_NAME = "$(TARGET_NAME)";
				SWIFT_VERSION = 5.0;
				TARGETED_DEVICE_FAMILY = "1,2";
			};
			name = Release;
		};
		FA351EAD260F39C3006B6D09 /* Debug */ = {
			isa = XCBuildConfiguration;
			baseConfigurationReference = BD76AAB676D0DBFB0139E6D6 /* Pods-rickandmortyappTests.debug.xcconfig */;
			buildSettings = {
				ALWAYS_EMBED_SWIFT_STANDARD_LIBRARIES = YES;
				BUNDLE_LOADER = "$(TEST_HOST)";
				CODE_SIGN_STYLE = Automatic;
				DEVELOPMENT_TEAM = FNC56RY6LN;
				INFOPLIST_FILE = rickandmortyappTests/Info.plist;
				IPHONEOS_DEPLOYMENT_TARGET = 14.2;
				LD_RUNPATH_SEARCH_PATHS = (
					"$(inherited)",
					"@executable_path/Frameworks",
					"@loader_path/Frameworks",
				);
				PRODUCT_BUNDLE_IDENTIFIER = com.colmenero.rickandmortyappTests;
				PRODUCT_NAME = "$(TARGET_NAME)";
				SWIFT_VERSION = 5.0;
				TARGETED_DEVICE_FAMILY = "1,2";
				TEST_HOST = "$(BUILT_PRODUCTS_DIR)/rickandmortyapp.app/rickandmortyapp";
			};
			name = Debug;
		};
		FA351EAE260F39C3006B6D09 /* Release */ = {
			isa = XCBuildConfiguration;
			baseConfigurationReference = 9EDB03E940BFE3BD285AC870 /* Pods-rickandmortyappTests.release.xcconfig */;
			buildSettings = {
				ALWAYS_EMBED_SWIFT_STANDARD_LIBRARIES = YES;
				BUNDLE_LOADER = "$(TEST_HOST)";
				CODE_SIGN_STYLE = Automatic;
				DEVELOPMENT_TEAM = FNC56RY6LN;
				INFOPLIST_FILE = rickandmortyappTests/Info.plist;
				IPHONEOS_DEPLOYMENT_TARGET = 14.2;
				LD_RUNPATH_SEARCH_PATHS = (
					"$(inherited)",
					"@executable_path/Frameworks",
					"@loader_path/Frameworks",
				);
				PRODUCT_BUNDLE_IDENTIFIER = com.colmenero.rickandmortyappTests;
				PRODUCT_NAME = "$(TARGET_NAME)";
				SWIFT_VERSION = 5.0;
				TARGETED_DEVICE_FAMILY = "1,2";
				TEST_HOST = "$(BUILT_PRODUCTS_DIR)/rickandmortyapp.app/rickandmortyapp";
			};
			name = Release;
		};
		FA351EB0260F39C3006B6D09 /* Debug */ = {
			isa = XCBuildConfiguration;
			baseConfigurationReference = 6B1233BFBE7ECA185741F853 /* Pods-rickandmortyappUITests.debug.xcconfig */;
			buildSettings = {
				ALWAYS_EMBED_SWIFT_STANDARD_LIBRARIES = YES;
				CODE_SIGN_STYLE = Automatic;
				DEVELOPMENT_TEAM = FNC56RY6LN;
				INFOPLIST_FILE = rickandmortyappUITests/Info.plist;
				LD_RUNPATH_SEARCH_PATHS = (
					"$(inherited)",
					"@executable_path/Frameworks",
					"@loader_path/Frameworks",
				);
				PRODUCT_BUNDLE_IDENTIFIER = com.colmenero.rickandmortyappUITests;
				PRODUCT_NAME = "$(TARGET_NAME)";
				SWIFT_VERSION = 5.0;
				TARGETED_DEVICE_FAMILY = "1,2";
				TEST_TARGET_NAME = rickandmortyapp;
			};
			name = Debug;
		};
		FA351EB1260F39C3006B6D09 /* Release */ = {
			isa = XCBuildConfiguration;
			baseConfigurationReference = D07EBF1B125B68F56B72C6E4 /* Pods-rickandmortyappUITests.release.xcconfig */;
			buildSettings = {
				ALWAYS_EMBED_SWIFT_STANDARD_LIBRARIES = YES;
				CODE_SIGN_STYLE = Automatic;
				DEVELOPMENT_TEAM = FNC56RY6LN;
				INFOPLIST_FILE = rickandmortyappUITests/Info.plist;
				LD_RUNPATH_SEARCH_PATHS = (
					"$(inherited)",
					"@executable_path/Frameworks",
					"@loader_path/Frameworks",
				);
				PRODUCT_BUNDLE_IDENTIFIER = com.colmenero.rickandmortyappUITests;
				PRODUCT_NAME = "$(TARGET_NAME)";
				SWIFT_VERSION = 5.0;
				TARGETED_DEVICE_FAMILY = "1,2";
				TEST_TARGET_NAME = rickandmortyapp;
			};
			name = Release;
		};
/* End XCBuildConfiguration section */

/* Begin XCConfigurationList section */
		FA351E7A260F39C2006B6D09 /* Build configuration list for PBXProject "rickandmortyapp" */ = {
			isa = XCConfigurationList;
			buildConfigurations = (
				FA351EA7260F39C3006B6D09 /* Debug */,
				FA351EA8260F39C3006B6D09 /* Release */,
			);
			defaultConfigurationIsVisible = 0;
			defaultConfigurationName = Release;
		};
		FA351EA9260F39C3006B6D09 /* Build configuration list for PBXNativeTarget "rickandmortyapp" */ = {
			isa = XCConfigurationList;
			buildConfigurations = (
				FA351EAA260F39C3006B6D09 /* Debug */,
				FA351EAB260F39C3006B6D09 /* Release */,
			);
			defaultConfigurationIsVisible = 0;
			defaultConfigurationName = Release;
		};
		FA351EAC260F39C3006B6D09 /* Build configuration list for PBXNativeTarget "rickandmortyappTests" */ = {
			isa = XCConfigurationList;
			buildConfigurations = (
				FA351EAD260F39C3006B6D09 /* Debug */,
				FA351EAE260F39C3006B6D09 /* Release */,
			);
			defaultConfigurationIsVisible = 0;
			defaultConfigurationName = Release;
		};
		FA351EAF260F39C3006B6D09 /* Build configuration list for PBXNativeTarget "rickandmortyappUITests" */ = {
			isa = XCConfigurationList;
			buildConfigurations = (
				FA351EB0260F39C3006B6D09 /* Debug */,
				FA351EB1260F39C3006B6D09 /* Release */,
			);
			defaultConfigurationIsVisible = 0;
			defaultConfigurationName = Release;
		};
/* End XCConfigurationList section */
	};
	rootObject = FA351E77260F39C2006B6D09 /* Project object */;
}
